
Microsoft Visual Studio Solution File, Format Version 12.00
# Visual Studio Version 16
VisualStudioVersion = 16.0.30804.86
MinimumVisualStudioVersion = 10.0.40219.1
Project("{8BC9CEB8-8B4A-11D0-8D11-00A0C91BC942}") = "Raytracing", "Raytracing.vcxproj", "{95041BA1-CD98-4038-A004-56CEFBF832D0}"
EndProject
Global
	GlobalSection(SolutionConfigurationPlatforms) = preSolution
		Debug|x64 = Debug|x64
		Debug|x86 = Debug|x86
		Release|x64 = Release|x64
		Release|x86 = Release|x86
	EndGlobalSection
	GlobalSection(ProjectConfigurationPlatforms) = postSolution
		{95041BA1-CD98-4038-A004-56CEFBF832D0}.Debug|x64.ActiveCfg = Debug|x64
		{95041BA1-CD98-4038-A004-56CEFBF832D0}.Debug|x64.Build.0 = Debug|x64
		{95041BA1-CD98-4038-A004-56CEFBF832D0}.Debug|x86.ActiveCfg = Debug|Win32
		{95041BA1-CD98-4038-A004-56CEFBF832D0}.Debug|x86.Build.0 = Debug|Win32
		{95041BA1-CD98-4038-A004-56CEFBF832D0}.Release|x64.ActiveCfg = Release|x64
		{95041BA1-CD98-4038-A004-56CEFBF832D0}.Release|x64.Build.0 = Release|x64
		{95041BA1-CD98-4038-A004-56CEFBF832D0}.Release|x86.ActiveCfg = Release|Win32
		{95041BA1-CD98-4038-A004-56CEFBF832D0}.Release|x86.Build.0 = Release|Win32
	EndGlobalSection
	GlobalSection(SolutionProperties) = preSolution
		HideSolutionNode = FALSE
	EndGlobalSection
	GlobalSection(ExtensibilityGlobals) = postSolution
		SolutionGuid = {D40E4FE1-6D48-44CC-BF16-F29C485CBBD2}
	EndGlobalSection
EndGlobal
